// !$*UTF8*$!
{
	archiveVersion = 1;
	classes = {
	};
	objectVersion = 56;
	objects = {

/* Begin PBXBuildFile section */
		CB7BC9592A3D975500E418A6 /* NavigationFlowApp.swift in Sources */ = {isa = PBXBuildFile; fileRef = CB7BC9582A3D975500E418A6 /* NavigationFlowApp.swift */; };
		CB7BC95B2A3D975500E418A6 /* InitializeAppView.swift in Sources */ = {isa = PBXBuildFile; fileRef = CB7BC95A2A3D975500E418A6 /* InitializeAppView.swift */; };
		CB7BC95D2A3D975700E418A6 /* Assets.xcassets in Resources */ = {isa = PBXBuildFile; fileRef = CB7BC95C2A3D975700E418A6 /* Assets.xcassets */; };
		CB7BC9602A3D975700E418A6 /* Preview Assets.xcassets in Resources */ = {isa = PBXBuildFile; fileRef = CB7BC95F2A3D975700E418A6 /* Preview Assets.xcassets */; };
		CB7BC96A2A3D9B6100E418A6 /* InitializeAppViewModel.swift in Sources */ = {isa = PBXBuildFile; fileRef = CB7BC9692A3D9B6100E418A6 /* InitializeAppViewModel.swift */; };
		CB7BC96C2A3D9B9200E418A6 /* AuthViewModel.swift in Sources */ = {isa = PBXBuildFile; fileRef = CB7BC96B2A3D9B9200E418A6 /* AuthViewModel.swift */; };
		CB7BC96E2A3D9C5600E418A6 /* MainAppViewModel.swift in Sources */ = {isa = PBXBuildFile; fileRef = CB7BC96D2A3D9C5600E418A6 /* MainAppViewModel.swift */; };
		CB7BC9702A3D9CA200E418A6 /* AuthView.swift in Sources */ = {isa = PBXBuildFile; fileRef = CB7BC96F2A3D9CA200E418A6 /* AuthView.swift */; };
		CB7BC9722A3D9CBA00E418A6 /* MainAppView.swift in Sources */ = {isa = PBXBuildFile; fileRef = CB7BC9712A3D9CBA00E418A6 /* MainAppView.swift */; };
		CB7BC9742A3E3C2700E418A6 /* FeedView.swift in Sources */ = {isa = PBXBuildFile; fileRef = CB7BC9732A3E3C2700E418A6 /* FeedView.swift */; };
		CB7BC9762A3E3C3800E418A6 /* InboxView.swift in Sources */ = {isa = PBXBuildFile; fileRef = CB7BC9752A3E3C3800E418A6 /* InboxView.swift */; };
		CB7BC9782A3E3C4B00E418A6 /* ProfileView.swift in Sources */ = {isa = PBXBuildFile; fileRef = CB7BC9772A3E3C4B00E418A6 /* ProfileView.swift */; };
		CB7BC97A2A3E3E1F00E418A6 /* ProfileViewModel.swift in Sources */ = {isa = PBXBuildFile; fileRef = CB7BC9792A3E3E1F00E418A6 /* ProfileViewModel.swift */; };
		CB7BC97C2A3E3E2B00E418A6 /* FeedViewModel.swift in Sources */ = {isa = PBXBuildFile; fileRef = CB7BC97B2A3E3E2B00E418A6 /* FeedViewModel.swift */; };
		CB7BC97E2A3E3E3500E418A6 /* InboxViewModel.swift in Sources */ = {isa = PBXBuildFile; fileRef = CB7BC97D2A3E3E3500E418A6 /* InboxViewModel.swift */; };
		CB7BC9802A3E526E00E418A6 /* User.swift in Sources */ = {isa = PBXBuildFile; fileRef = CB7BC97F2A3E526E00E418A6 /* User.swift */; };
		CB7BC9822A3E52E900E418A6 /* Feed.swift in Sources */ = {isa = PBXBuildFile; fileRef = CB7BC9812A3E52E900E418A6 /* Feed.swift */; };
		CB7BC9842A3EC16200E418A6 /* Message.swift in Sources */ = {isa = PBXBuildFile; fileRef = CB7BC9832A3EC16200E418A6 /* Message.swift */; };
		CB7BC9862A3EC1B400E418A6 /* FeedCellView.swift in Sources */ = {isa = PBXBuildFile; fileRef = CB7BC9852A3EC1B400E418A6 /* FeedCellView.swift */; };
		CB7BC9882A3ECC7A00E418A6 /* ProfileTabView.swift in Sources */ = {isa = PBXBuildFile; fileRef = CB7BC9872A3ECC7A00E418A6 /* ProfileTabView.swift */; };
		CB7BC98A2A3ECFDC00E418A6 /* ChatView.swift in Sources */ = {isa = PBXBuildFile; fileRef = CB7BC9892A3ECFDC00E418A6 /* ChatView.swift */; };
		CB7BC98C2A3ED01E00E418A6 /* ChatViewModel.swift in Sources */ = {isa = PBXBuildFile; fileRef = CB7BC98B2A3ED01E00E418A6 /* ChatViewModel.swift */; };
		CB7BC98E2A3EDF3C00E418A6 /* FeedCellViewModel.swift in Sources */ = {isa = PBXBuildFile; fileRef = CB7BC98D2A3EDF3C00E418A6 /* FeedCellViewModel.swift */; };
/* End PBXBuildFile section */

/* Begin PBXFileReference section */
		CB7BC9552A3D975500E418A6 /* NavigationFlow.app */ = {isa = PBXFileReference; explicitFileType = wrapper.application; includeInIndex = 0; path = NavigationFlow.app; sourceTree = BUILT_PRODUCTS_DIR; };
		CB7BC9582A3D975500E418A6 /* NavigationFlowApp.swift */ = {isa = PBXFileReference; lastKnownFileType = sourcecode.swift; path = NavigationFlowApp.swift; sourceTree = "<group>"; };
		CB7BC95A2A3D975500E418A6 /* InitializeAppView.swift */ = {isa = PBXFileReference; lastKnownFileType = sourcecode.swift; path = InitializeAppView.swift; sourceTree = "<group>"; };
		CB7BC95C2A3D975700E418A6 /* Assets.xcassets */ = {isa = PBXFileReference; lastKnownFileType = folder.assetcatalog; path = Assets.xcassets; sourceTree = "<group>"; };
		CB7BC95F2A3D975700E418A6 /* Preview Assets.xcassets */ = {isa = PBXFileReference; lastKnownFileType = folder.assetcatalog; path = "Preview Assets.xcassets"; sourceTree = "<group>"; };
		CB7BC9692A3D9B6100E418A6 /* InitializeAppViewModel.swift */ = {isa = PBXFileReference; lastKnownFileType = sourcecode.swift; path = InitializeAppViewModel.swift; sourceTree = "<group>"; };
		CB7BC96B2A3D9B9200E418A6 /* AuthViewModel.swift */ = {isa = PBXFileReference; lastKnownFileType = sourcecode.swift; path = AuthViewModel.swift; sourceTree = "<group>"; };
		CB7BC96D2A3D9C5600E418A6 /* MainAppViewModel.swift */ = {isa = PBXFileReference; lastKnownFileType = sourcecode.swift; path = MainAppViewModel.swift; sourceTree = "<group>"; };
		CB7BC96F2A3D9CA200E418A6 /* AuthView.swift */ = {isa = PBXFileReference; lastKnownFileType = sourcecode.swift; path = AuthView.swift; sourceTree = "<group>"; };
		CB7BC9712A3D9CBA00E418A6 /* MainAppView.swift */ = {isa = PBXFileReference; lastKnownFileType = sourcecode.swift; path = MainAppView.swift; sourceTree = "<group>"; };
		CB7BC9732A3E3C2700E418A6 /* FeedView.swift */ = {isa = PBXFileReference; lastKnownFileType = sourcecode.swift; path = FeedView.swift; sourceTree = "<group>"; };
		CB7BC9752A3E3C3800E418A6 /* InboxView.swift */ = {isa = PBXFileReference; lastKnownFileType = sourcecode.swift; path = InboxView.swift; sourceTree = "<group>"; };
		CB7BC9772A3E3C4B00E418A6 /* ProfileView.swift */ = {isa = PBXFileReference; lastKnownFileType = sourcecode.swift; path = ProfileView.swift; sourceTree = "<group>"; };
		CB7BC9792A3E3E1F00E418A6 /* ProfileViewModel.swift */ = {isa = PBXFileReference; lastKnownFileType = sourcecode.swift; path = ProfileViewModel.swift; sourceTree = "<group>"; };
		CB7BC97B2A3E3E2B00E418A6 /* FeedViewModel.swift */ = {isa = PBXFileReference; lastKnownFileType = sourcecode.swift; path = FeedViewModel.swift; sourceTree = "<group>"; };
		CB7BC97D2A3E3E3500E418A6 /* InboxViewModel.swift */ = {isa = PBXFileReference; lastKnownFileType = sourcecode.swift; path = InboxViewModel.swift; sourceTree = "<group>"; };
		CB7BC97F2A3E526E00E418A6 /* User.swift */ = {isa = PBXFileReference; lastKnownFileType = sourcecode.swift; path = User.swift; sourceTree = "<group>"; };
		CB7BC9812A3E52E900E418A6 /* Feed.swift */ = {isa = PBXFileReference; lastKnownFileType = sourcecode.swift; path = Feed.swift; sourceTree = "<group>"; };
		CB7BC9832A3EC16200E418A6 /* Message.swift */ = {isa = PBXFileReference; lastKnownFileType = sourcecode.swift; path = Message.swift; sourceTree = "<group>"; };
		CB7BC9852A3EC1B400E418A6 /* FeedCellView.swift */ = {isa = PBXFileReference; lastKnownFileType = sourcecode.swift; path = FeedCellView.swift; sourceTree = "<group>"; };
		CB7BC9872A3ECC7A00E418A6 /* ProfileTabView.swift */ = {isa = PBXFileReference; lastKnownFileType = sourcecode.swift; path = ProfileTabView.swift; sourceTree = "<group>"; };
		CB7BC9892A3ECFDC00E418A6 /* ChatView.swift */ = {isa = PBXFileReference; lastKnownFileType = sourcecode.swift; path = ChatView.swift; sourceTree = "<group>"; };
		CB7BC98B2A3ED01E00E418A6 /* ChatViewModel.swift */ = {isa = PBXFileReference; lastKnownFileType = sourcecode.swift; path = ChatViewModel.swift; sourceTree = "<group>"; };
		CB7BC98D2A3EDF3C00E418A6 /* FeedCellViewModel.swift */ = {isa = PBXFileReference; lastKnownFileType = sourcecode.swift; path = FeedCellViewModel.swift; sourceTree = "<group>"; };
/* End PBXFileReference section */

/* Begin PBXFrameworksBuildPhase section */
		CB7BC9522A3D975500E418A6 /* Frameworks */ = {
			isa = PBXFrameworksBuildPhase;
			buildActionMask = 2147483647;
			files = (
			);
			runOnlyForDeploymentPostprocessing = 0;
		};
/* End PBXFrameworksBuildPhase section */

/* Begin PBXGroup section */
		CB7BC94C2A3D975500E418A6 = {
			isa = PBXGroup;
			children = (
				CB7BC9572A3D975500E418A6 /* NavigationFlow */,
				CB7BC9562A3D975500E418A6 /* Products */,
			);
			sourceTree = "<group>";
		};
		CB7BC9562A3D975500E418A6 /* Products */ = {
			isa = PBXGroup;
			children = (
				CB7BC9552A3D975500E418A6 /* NavigationFlow.app */,
			);
			name = Products;
			sourceTree = "<group>";
		};
		CB7BC9572A3D975500E418A6 /* NavigationFlow */ = {
			isa = PBXGroup;
			children = (
				CB7BC9582A3D975500E418A6 /* NavigationFlowApp.swift */,
				CB7BC9682A3D9A9A00E418A6 /* Views */,
				CB7BC9662A3D9A6100E418A6 /* View Models */,
				CB7BC9672A3D9A9300E418A6 /* Model */,
				CB7BC95C2A3D975700E418A6 /* Assets.xcassets */,
				CB7BC95E2A3D975700E418A6 /* Preview Content */,
			);
			path = NavigationFlow;
			sourceTree = "<group>";
		};
		CB7BC95E2A3D975700E418A6 /* Preview Content */ = {
			isa = PBXGroup;
			children = (
				CB7BC95F2A3D975700E418A6 /* Preview Assets.xcassets */,
			);
			path = "Preview Content";
			sourceTree = "<group>";
		};
		CB7BC9662A3D9A6100E418A6 /* View Models */ = {
			isa = PBXGroup;
			children = (
				CB7BC9692A3D9B6100E418A6 /* InitializeAppViewModel.swift */,
				CB7BC96B2A3D9B9200E418A6 /* AuthViewModel.swift */,
				CB7BC96D2A3D9C5600E418A6 /* MainAppViewModel.swift */,
				CB7BC97B2A3E3E2B00E418A6 /* FeedViewModel.swift */,
				CB7BC98D2A3EDF3C00E418A6 /* FeedCellViewModel.swift */,
				CB7BC97D2A3E3E3500E418A6 /* InboxViewModel.swift */,
				CB7BC9792A3E3E1F00E418A6 /* ProfileViewModel.swift */,
				CB7BC98B2A3ED01E00E418A6 /* ChatViewModel.swift */,
			);
			path = "View Models";
			sourceTree = "<group>";
		};
		CB7BC9672A3D9A9300E418A6 /* Model */ = {
			isa = PBXGroup;
			children = (
				CB7BC97F2A3E526E00E418A6 /* User.swift */,
				CB7BC9812A3E52E900E418A6 /* Feed.swift */,
				CB7BC9832A3EC16200E418A6 /* Message.swift */,
			);
			path = Model;
			sourceTree = "<group>";
		};
		CB7BC9682A3D9A9A00E418A6 /* Views */ = {
			isa = PBXGroup;
			children = (
				CB7BC95A2A3D975500E418A6 /* InitializeAppView.swift */,
				CB7BC96F2A3D9CA200E418A6 /* AuthView.swift */,
				CB7BC9712A3D9CBA00E418A6 /* MainAppView.swift */,
				CB7BC9732A3E3C2700E418A6 /* FeedView.swift */,
				CB7BC9852A3EC1B400E418A6 /* FeedCellView.swift */,
				CB7BC9752A3E3C3800E418A6 /* InboxView.swift */,
				CB7BC9772A3E3C4B00E418A6 /* ProfileView.swift */,
				CB7BC9872A3ECC7A00E418A6 /* ProfileTabView.swift */,
				CB7BC9892A3ECFDC00E418A6 /* ChatView.swift */,
			);
			path = Views;
			sourceTree = "<group>";
		};
/* End PBXGroup section */

/* Begin PBXNativeTarget section */
		CB7BC9542A3D975500E418A6 /* NavigationFlow */ = {
			isa = PBXNativeTarget;
			buildConfigurationList = CB7BC9632A3D975700E418A6 /* Build configuration list for PBXNativeTarget "NavigationFlow" */;
			buildPhases = (
				CB7BC9512A3D975500E418A6 /* Sources */,
				CB7BC9522A3D975500E418A6 /* Frameworks */,
				CB7BC9532A3D975500E418A6 /* Resources */,
			);
			buildRules = (
			);
			dependencies = (
			);
			name = NavigationFlow;
			productName = NavigationFlow;
			productReference = CB7BC9552A3D975500E418A6 /* NavigationFlow.app */;
			productType = "com.apple.product-type.application";
		};
/* End PBXNativeTarget section */

/* Begin PBXProject section */
		CB7BC94D2A3D975500E418A6 /* Project object */ = {
			isa = PBXProject;
			attributes = {
				BuildIndependentTargetsInParallel = 1;
				LastSwiftUpdateCheck = 1430;
				LastUpgradeCheck = 1430;
				TargetAttributes = {
					CB7BC9542A3D975500E418A6 = {
						CreatedOnToolsVersion = 14.3.1;
					};
				};
			};
			buildConfigurationList = CB7BC9502A3D975500E418A6 /* Build configuration list for PBXProject "NavigationFlow" */;
			compatibilityVersion = "Xcode 14.0";
			developmentRegion = en;
			hasScannedForEncodings = 0;
			knownRegions = (
				en,
				Base,
			);
			mainGroup = CB7BC94C2A3D975500E418A6;
			productRefGroup = CB7BC9562A3D975500E418A6 /* Products */;
			projectDirPath = "";
			projectRoot = "";
			targets = (
				CB7BC9542A3D975500E418A6 /* NavigationFlow */,
			);
		};
/* End PBXProject section */

/* Begin PBXResourcesBuildPhase section */
		CB7BC9532A3D975500E418A6 /* Resources */ = {
			isa = PBXResourcesBuildPhase;
			buildActionMask = 2147483647;
			files = (
				CB7BC9602A3D975700E418A6 /* Preview Assets.xcassets in Resources */,
				CB7BC95D2A3D975700E418A6 /* Assets.xcassets in Resources */,
			);
			runOnlyForDeploymentPostprocessing = 0;
		};
/* End PBXResourcesBuildPhase section */

/* Begin PBXSourcesBuildPhase section */
		CB7BC9512A3D975500E418A6 /* Sources */ = {
			isa = PBXSourcesBuildPhase;
			buildActionMask = 2147483647;
			files = (
				CB7BC98A2A3ECFDC00E418A6 /* ChatView.swift in Sources */,
				CB7BC9742A3E3C2700E418A6 /* FeedView.swift in Sources */,
				CB7BC98E2A3EDF3C00E418A6 /* FeedCellViewModel.swift in Sources */,
				CB7BC9822A3E52E900E418A6 /* Feed.swift in Sources */,
				CB7BC9882A3ECC7A00E418A6 /* ProfileTabView.swift in Sources */,
				CB7BC96C2A3D9B9200E418A6 /* AuthViewModel.swift in Sources */,
				CB7BC97C2A3E3E2B00E418A6 /* FeedViewModel.swift in Sources */,
				CB7BC9782A3E3C4B00E418A6 /* ProfileView.swift in Sources */,
				CB7BC95B2A3D975500E418A6 /* InitializeAppView.swift in Sources */,
				CB7BC9722A3D9CBA00E418A6 /* MainAppView.swift in Sources */,
				CB7BC9802A3E526E00E418A6 /* User.swift in Sources */,
				CB7BC97E2A3E3E3500E418A6 /* InboxViewModel.swift in Sources */,
				CB7BC9702A3D9CA200E418A6 /* AuthView.swift in Sources */,
				CB7BC96A2A3D9B6100E418A6 /* InitializeAppViewModel.swift in Sources */,
				CB7BC97A2A3E3E1F00E418A6 /* ProfileViewModel.swift in Sources */,
				CB7BC9592A3D975500E418A6 /* NavigationFlowApp.swift in Sources */,
				CB7BC9842A3EC16200E418A6 /* Message.swift in Sources */,
				CB7BC9762A3E3C3800E418A6 /* InboxView.swift in Sources */,
				CB7BC9862A3EC1B400E418A6 /* FeedCellView.swift in Sources */,
				CB7BC98C2A3ED01E00E418A6 /* ChatViewModel.swift in Sources */,
				CB7BC96E2A3D9C5600E418A6 /* MainAppViewModel.swift in Sources */,
			);
			runOnlyForDeploymentPostprocessing = 0;
		};
/* End PBXSourcesBuildPhase section */

/* Begin XCBuildConfiguration section */
		CB7BC9612A3D975700E418A6 /* Debug */ = {
			isa = XCBuildConfiguration;
			buildSettings = {
				ALWAYS_SEARCH_USER_PATHS = NO;
				CLANG_ANALYZER_NONNULL = YES;
				CLANG_ANALYZER_NUMBER_OBJECT_CONVERSION = YES_AGGRESSIVE;
				CLANG_CXX_LANGUAGE_STANDARD = "gnu++20";
				CLANG_ENABLE_MODULES = YES;
				CLANG_ENABLE_OBJC_ARC = YES;
				CLANG_ENABLE_OBJC_WEAK = YES;
				CLANG_WARN_BLOCK_CAPTURE_AUTORELEASING = YES;
				CLANG_WARN_BOOL_CONVERSION = YES;
				CLANG_WARN_COMMA = YES;
				CLANG_WARN_CONSTANT_CONVERSION = YES;
				CLANG_WARN_DEPRECATED_OBJC_IMPLEMENTATIONS = YES;
				CLANG_WARN_DIRECT_OBJC_ISA_USAGE = YES_ERROR;
				CLANG_WARN_DOCUMENTATION_COMMENTS = YES;
				CLANG_WARN_EMPTY_BODY = YES;
				CLANG_WARN_ENUM_CONVERSION = YES;
				CLANG_WARN_INFINITE_RECURSION = YES;
				CLANG_WARN_INT_CONVERSION = YES;
				CLANG_WARN_NON_LITERAL_NULL_CONVERSION = YES;
				CLANG_WARN_OBJC_IMPLICIT_RETAIN_SELF = YES;
				CLANG_WARN_OBJC_LITERAL_CONVERSION = YES;
				CLANG_WARN_OBJC_ROOT_CLASS = YES_ERROR;
				CLANG_WARN_QUOTED_INCLUDE_IN_FRAMEWORK_HEADER = YES;
				CLANG_WARN_RANGE_LOOP_ANALYSIS = YES;
				CLANG_WARN_STRICT_PROTOTYPES = YES;
				CLANG_WARN_SUSPICIOUS_MOVE = YES;
				CLANG_WARN_UNGUARDED_AVAILABILITY = YES_AGGRESSIVE;
				CLANG_WARN_UNREACHABLE_CODE = YES;
				CLANG_WARN__DUPLICATE_METHOD_MATCH = YES;
				COPY_PHASE_STRIP = NO;
				DEBUG_INFORMATION_FORMAT = dwarf;
				ENABLE_STRICT_OBJC_MSGSEND = YES;
				ENABLE_TESTABILITY = YES;
				GCC_C_LANGUAGE_STANDARD = gnu11;
				GCC_DYNAMIC_NO_PIC = NO;
				GCC_NO_COMMON_BLOCKS = YES;
				GCC_OPTIMIZATION_LEVEL = 0;
				GCC_PREPROCESSOR_DEFINITIONS = (
					"DEBUG=1",
					"$(inherited)",
				);
				GCC_WARN_64_TO_32_BIT_CONVERSION = YES;
				GCC_WARN_ABOUT_RETURN_TYPE = YES_ERROR;
				GCC_WARN_UNDECLARED_SELECTOR = YES;
				GCC_WARN_UNINITIALIZED_AUTOS = YES_AGGRESSIVE;
				GCC_WARN_UNUSED_FUNCTION = YES;
				GCC_WARN_UNUSED_VARIABLE = YES;
				IPHONEOS_DEPLOYMENT_TARGET = 16.4;
				MTL_ENABLE_DEBUG_INFO = INCLUDE_SOURCE;
				MTL_FAST_MATH = YES;
				ONLY_ACTIVE_ARCH = YES;
				SDKROOT = iphoneos;
				SWIFT_ACTIVE_COMPILATION_CONDITIONS = DEBUG;
				SWIFT_OPTIMIZATION_LEVEL = "-Onone";
			};
			name = Debug;
		};
		CB7BC9622A3D975700E418A6 /* Release */ = {
			isa = XCBuildConfiguration;
			buildSettings = {
				ALWAYS_SEARCH_USER_PATHS = NO;
				CLANG_ANALYZER_NONNULL = YES;
				CLANG_ANALYZER_NUMBER_OBJECT_CONVERSION = YES_AGGRESSIVE;
				CLANG_CXX_LANGUAGE_STANDARD = "gnu++20";
				CLANG_ENABLE_MODULES = YES;
				CLANG_ENABLE_OBJC_ARC = YES;
				CLANG_ENABLE_OBJC_WEAK = YES;
				CLANG_WARN_BLOCK_CAPTURE_AUTORELEASING = YES;
				CLANG_WARN_BOOL_CONVERSION = YES;
				CLANG_WARN_COMMA = YES;
				CLANG_WARN_CONSTANT_CONVERSION = YES;
				CLANG_WARN_DEPRECATED_OBJC_IMPLEMENTATIONS = YES;
				CLANG_WARN_DIRECT_OBJC_ISA_USAGE = YES_ERROR;
				CLANG_WARN_DOCUMENTATION_COMMENTS = YES;
				CLANG_WARN_EMPTY_BODY = YES;
				CLANG_WARN_ENUM_CONVERSION = YES;
				CLANG_WARN_INFINITE_RECURSION = YES;
				CLANG_WARN_INT_CONVERSION = YES;
				CLANG_WARN_NON_LITERAL_NULL_CONVERSION = YES;
				CLANG_WARN_OBJC_IMPLICIT_RETAIN_SELF = YES;
				CLANG_WARN_OBJC_LITERAL_CONVERSION = YES;
				CLANG_WARN_OBJC_ROOT_CLASS = YES_ERROR;
				CLANG_WARN_QUOTED_INCLUDE_IN_FRAMEWORK_HEADER = YES;
				CLANG_WARN_RANGE_LOOP_ANALYSIS = YES;
				CLANG_WARN_STRICT_PROTOTYPES = YES;
				CLANG_WARN_SUSPICIOUS_MOVE = YES;
				CLANG_WARN_UNGUARDED_AVAILABILITY = YES_AGGRESSIVE;
				CLANG_WARN_UNREACHABLE_CODE = YES;
				CLANG_WARN__DUPLICATE_METHOD_MATCH = YES;
				COPY_PHASE_STRIP = NO;
				DEBUG_INFORMATION_FORMAT = "dwarf-with-dsym";
				ENABLE_NS_ASSERTIONS = NO;
				ENABLE_STRICT_OBJC_MSGSEND = YES;
				GCC_C_LANGUAGE_STANDARD = gnu11;
				GCC_NO_COMMON_BLOCKS = YES;
				GCC_WARN_64_TO_32_BIT_CONVERSION = YES;
				GCC_WARN_ABOUT_RETURN_TYPE = YES_ERROR;
				GCC_WARN_UNDECLARED_SELECTOR = YES;
				GCC_WARN_UNINITIALIZED_AUTOS = YES_AGGRESSIVE;
				GCC_WARN_UNUSED_FUNCTION = YES;
				GCC_WARN_UNUSED_VARIABLE = YES;
				IPHONEOS_DEPLOYMENT_TARGET = 16.4;
				MTL_ENABLE_DEBUG_INFO = NO;
				MTL_FAST_MATH = YES;
				SDKROOT = iphoneos;
				SWIFT_COMPILATION_MODE = wholemodule;
				SWIFT_OPTIMIZATION_LEVEL = "-O";
				VALIDATE_PRODUCT = YES;
			};
			name = Release;
		};
		CB7BC9642A3D975700E418A6 /* Debug */ = {
			isa = XCBuildConfiguration;
			buildSettings = {
				ASSETCATALOG_COMPILER_APPICON_NAME = AppIcon;
				ASSETCATALOG_COMPILER_GLOBAL_ACCENT_COLOR_NAME = AccentColor;
				CODE_SIGN_STYLE = Automatic;
				CURRENT_PROJECT_VERSION = 1;
				DEVELOPMENT_ASSET_PATHS = "\"NavigationFlow/Preview Content\"";
				DEVELOPMENT_TEAM = 276W2482XH;
				ENABLE_PREVIEWS = YES;
				GENERATE_INFOPLIST_FILE = YES;
				INFOPLIST_KEY_UIApplicationSceneManifest_Generation = YES;
				INFOPLIST_KEY_UIApplicationSupportsIndirectInputEvents = YES;
				INFOPLIST_KEY_UILaunchScreen_Generation = YES;
				INFOPLIST_KEY_UISupportedInterfaceOrientations_iPad = "UIInterfaceOrientationPortrait UIInterfaceOrientationPortraitUpsideDown UIInterfaceOrientationLandscapeLeft UIInterfaceOrientationLandscapeRight";
				INFOPLIST_KEY_UISupportedInterfaceOrientations_iPhone = "UIInterfaceOrientationPortrait UIInterfaceOrientationLandscapeLeft UIInterfaceOrientationLandscapeRight";
				LD_RUNPATH_SEARCH_PATHS = (
					"$(inherited)",
					"@executable_path/Frameworks",
				);
				MARKETING_VERSION = 1.0;
				PRODUCT_BUNDLE_IDENTIFIER = CodyBo.NavigationFlow;
				PRODUCT_NAME = "$(TARGET_NAME)";
				SWIFT_EMIT_LOC_STRINGS = YES;
				SWIFT_VERSION = 5.0;
				TARGETED_DEVICE_FAMILY = "1,2";
			};
			name = Debug;
		};
		CB7BC9652A3D975700E418A6 /* Release */ = {
			isa = XCBuildConfiguration;
			buildSettings = {
				ASSETCATALOG_COMPILER_APPICON_NAME = AppIcon;
				ASSETCATALOG_COMPILER_GLOBAL_ACCENT_COLOR_NAME = AccentColor;
				CODE_SIGN_STYLE = Automatic;
				CURRENT_PROJECT_VERSION = 1;
				DEVELOPMENT_ASSET_PATHS = "\"NavigationFlow/Preview Content\"";
				DEVELOPMENT_TEAM = 276W2482XH;
				ENABLE_PREVIEWS = YES;
				GENERATE_INFOPLIST_FILE = YES;
				INFOPLIST_KEY_UIApplicationSceneManifest_Generation = YES;
				INFOPLIST_KEY_UIApplicationSupportsIndirectInputEvents = YES;
				INFOPLIST_KEY_UILaunchScreen_Generation = YES;
				INFOPLIST_KEY_UISupportedInterfaceOrientations_iPad = "UIInterfaceOrientationPortrait UIInterfaceOrientationPortraitUpsideDown UIInterfaceOrientationLandscapeLeft UIInterfaceOrientationLandscapeRight";
				INFOPLIST_KEY_UISupportedInterfaceOrientations_iPhone = "UIInterfaceOrientationPortrait UIInterfaceOrientationLandscapeLeft UIInterfaceOrientationLandscapeRight";
				LD_RUNPATH_SEARCH_PATHS = (
					"$(inherited)",
					"@executable_path/Frameworks",
				);
				MARKETING_VERSION = 1.0;
				PRODUCT_BUNDLE_IDENTIFIER = CodyBo.NavigationFlow;
				PRODUCT_NAME = "$(TARGET_NAME)";
				SWIFT_EMIT_LOC_STRINGS = YES;
				SWIFT_VERSION = 5.0;
				TARGETED_DEVICE_FAMILY = "1,2";
			};
			name = Release;
		};
/* End XCBuildConfiguration section */

/* Begin XCConfigurationList section */
		CB7BC9502A3D975500E418A6 /* Build configuration list for PBXProject "NavigationFlow" */ = {
			isa = XCConfigurationList;
			buildConfigurations = (
				CB7BC9612A3D975700E418A6 /* Debug */,
				CB7BC9622A3D975700E418A6 /* Release */,
			);
			defaultConfigurationIsVisible = 0;
			defaultConfigurationName = Release;
		};
		CB7BC9632A3D975700E418A6 /* Build configuration list for PBXNativeTarget "NavigationFlow" */ = {
			isa = XCConfigurationList;
			buildConfigurations = (
				CB7BC9642A3D975700E418A6 /* Debug */,
				CB7BC9652A3D975700E418A6 /* Release */,
			);
			defaultConfigurationIsVisible = 0;
			defaultConfigurationName = Release;
		};
/* End XCConfigurationList section */
	};
	rootObject = CB7BC94D2A3D975500E418A6 /* Project object */;
}
